<?xml version="1.0" encoding="utf-8"?>
<Project ToolsVersion="4.0" xmlns="http://schemas.microsoft.com/developer/msbuild/2003">
  <ItemGroup>
    <Filter Include="Lib">
      <UniqueIdentifier>{f3b2e6b0-b981-4dfe-bce2-7ecc6dd75c35}</UniqueIdentifier>
    </Filter>
    <Filter Include="InterServer">
      <UniqueIdentifier>{e7f5c00d-0c52-4a9a-aae9-650fc8576684}</UniqueIdentifier>
    </Filter>
    <Filter Include="CliServer">
      <UniqueIdentifier>{395fc639-c914-4554-8490-e3a35ee50332}</UniqueIdentifier>
    </Filter>
    <Filter Include="Lib\Sources">
      <UniqueIdentifier>{71e6d110-091c-4148-885d-5aef2a3e1574}</UniqueIdentifier>
    </Filter>
    <Filter Include="Lib\Headers">
      <UniqueIdentifier>{c1779445-4c7d-4742-9c11-03afa19e9a32}</UniqueIdentifier>
    </Filter>
    <Filter Include="CliServer\Headers">
      <UniqueIdentifier>{da5eb418-e788-4cc6-810a-1efb64af4d6a}</UniqueIdentifier>
    </Filter>
    <Filter Include="CliServer\Sources">
      <UniqueIdentifier>{d9577607-4748-4189-b84a-055bc58c9faf}</UniqueIdentifier>
    </Filter>
    <Filter Include="CliServerClass">
      <UniqueIdentifier>{84b72938-2aa5-453b-90f2-db30ee53ae4d}</UniqueIdentifier>
    </Filter>
  </ItemGroup>
  <ItemGroup>
    <ClInclude Include="Act.h">
      <Filter>Lib\Headers</Filter>
    </ClInclude>
    <ClInclude Include="targetver.h">
      <Filter>Lib\Headers</Filter>
    </ClInclude>
    <ClInclude Include="Actor.h">
      <Filter>Lib\Headers</Filter>
    </ClInclude>
    <ClInclude Include="Proactor.h">
      <Filter>Lib\Headers</Filter>
    </ClInclude>
    <ClInclude Include="TcpAct.h">
      <Filter>Lib\Headers</Filter>
    </ClInclude>
    <ClInclude Include="WinSockBase.h">
      <Filter>Lib\Headers</Filter>
    </ClInclude>
    <ClInclude Include="ClientProtocol.h">
      <Filter>CliServer\Headers</Filter>
    </ClInclude>
    <ClInclude Include="Cli.h">
      <Filter>CliServer\Headers</Filter>
    </ClInclude>
    <ClInclude Include="Receiver.h">
      <Filter>CliServer\Headers</Filter>
    </ClInclude>
    <ClInclude Include="Sender.h">
      <Filter>CliServer\Headers</Filter>
    </ClInclude>
    <ClInclude Include="TcpServer.h">
      <Filter>CliServer\Headers</Filter>
    </ClInclude>
    <ClInclude Include="TcpSocket.h">
      <Filter>CliServer\Headers</Filter>
    </ClInclude>
    <ClInclude Include="TcpListenSocket.h">
      <Filter>CliServer\Headers</Filter>
    </ClInclude>
    <ClInclude Include="Disconnector.h">
      <Filter>CliServer\Headers</Filter>
    </ClInclude>
    <ClInclude Include="Acceptor.h">
      <Filter>CliServer\Headers</Filter>
    </ClInclude>
    <ClInclude Include="Player.h">
      <Filter>CliServerClass</Filter>
    </ClInclude>
    <ClInclude Include="Room.h">
      <Filter>CliServerClass</Filter>
    </ClInclude>
    <ClInclude Include="RoomManager.h">
      <Filter>CliServerClass</Filter>
    </ClInclude>
    <ClInclude Include="Packet.h">
      <Filter>CliServerClass</Filter>
    </ClInclude>
    <ClInclude Include="MemPooler.h">
      <Filter>Lib\Headers</Filter>
    </ClInclude>
    <ClInclude Include="stdafx.h" />
  </ItemGroup>
  <ItemGroup>
    <ClCompile Include="Acceptor.cpp">
      <Filter>CliServer\Sources</Filter>
    </ClCompile>
    <ClCompile Include="Proactor.cpp">
      <Filter>CliServer\Sources</Filter>
    </ClCompile>
    <ClCompile Include="TcpServer.cpp">
      <Filter>CliServer\Sources</Filter>
    </ClCompile>
    <ClCompile Include="TcpSocket.cpp">
      <Filter>CliServer\Sources</Filter>
    </ClCompile>
    <ClCompile Include="Receiver.cpp">
      <Filter>CliServer\Sources</Filter>
    </ClCompile>
    <ClCompile Include="Sender.cpp">
      <Filter>CliServer\Sources</Filter>
    </ClCompile>
    <ClCompile Include="Disconnector.cpp">
      <Filter>CliServer\Sources</Filter>
    </ClCompile>
    <ClCompile Include="TcpListenSocket.cpp">
      <Filter>CliServer\Sources</Filter>
    </ClCompile>
    <ClCompile Include="main.cpp" />
    <ClCompile Include="Player.cpp">
      <Filter>CliServerClass</Filter>
    </ClCompile>
    <ClCompile Include="Room.cpp">
      <Filter>CliServerClass</Filter>
    </ClCompile>
    <ClCompile Include="RoomManager.cpp">
      <Filter>CliServerClass</Filter>
    </ClCompile>
    <ClCompile Include="Packet.cpp">
      <Filter>CliServerClass</Filter>
    </ClCompile>
  </ItemGroup>
</Project>