<?xml version="1.0" encoding="utf-8"?>
<Project ToolsVersion="4.0" xmlns="http://schemas.microsoft.com/developer/msbuild/2003">
  <ItemGroup>
    <Filter Include="소스 파일">
      <UniqueIdentifier>{4FC737F1-C7A5-4376-A066-2A32D752A2FF}</UniqueIdentifier>
      <Extensions>cpp;c;cc;cxx;def;odl;idl;hpj;bat;asm;asmx</Extensions>
    </Filter>
    <Filter Include="헤더 파일">
      <UniqueIdentifier>{93995380-89BD-4b04-88EB-625FBE52EBFB}</UniqueIdentifier>
      <Extensions>h;hh;hpp;hxx;hm;inl;inc;xsd</Extensions>
    </Filter>
    <Filter Include="리소스 파일">
      <UniqueIdentifier>{67DA6AB6-F800-4c08-8B7A-83BB121AAD01}</UniqueIdentifier>
      <Extensions>rc;ico;cur;bmp;dlg;rc2;rct;bin;rgs;gif;jpg;jpeg;jpe;resx;tiff;tif;png;wav;mfcribbon-ms</Extensions>
    </Filter>
    <Filter Include="소스 파일\ChildrenOfActor">
      <UniqueIdentifier>{f8b2ccab-d13e-487d-b0cb-1b62c7873f3d}</UniqueIdentifier>
    </Filter>
    <Filter Include="소스 파일\LogWriter">
      <UniqueIdentifier>{3ae40316-5e42-4bc3-89cb-541ba63a6d99}</UniqueIdentifier>
    </Filter>
    <Filter Include="소스 파일\StatePattern">
      <UniqueIdentifier>{8a7ab705-2eed-4642-b7da-6f68d3a81b73}</UniqueIdentifier>
    </Filter>
    <Filter Include="헤더 파일\ChildrenOfActor">
      <UniqueIdentifier>{df8e09be-3e9e-45a2-98a8-76eddcdeb5f5}</UniqueIdentifier>
    </Filter>
    <Filter Include="헤더 파일\LogWriter">
      <UniqueIdentifier>{8c776f79-3bc4-4a2c-81af-dd6c0e7804de}</UniqueIdentifier>
    </Filter>
    <Filter Include="헤더 파일\StatePattern">
      <UniqueIdentifier>{b8cf30c4-7d34-454d-a32b-08a8ecf4f9b7}</UniqueIdentifier>
    </Filter>
    <Filter Include="헤더 파일\Protocol">
      <UniqueIdentifier>{9a03ed98-d260-4b4d-bd60-5750a217fa58}</UniqueIdentifier>
    </Filter>
    <Filter Include="소스 파일\ProactorPattern">
      <UniqueIdentifier>{2a8d67ed-26d3-4055-905a-cf5f65ce1559}</UniqueIdentifier>
    </Filter>
    <Filter Include="헤더 파일\ProactorPattern">
      <UniqueIdentifier>{e67f6b0b-1e3e-4e13-bd5b-b1bc1fcda298}</UniqueIdentifier>
    </Filter>
    <Filter Include="소스 파일\ClientAssociations">
      <UniqueIdentifier>{40a81702-ec0a-4a3e-baeb-5fbf993e4837}</UniqueIdentifier>
    </Filter>
    <Filter Include="헤더 파일\ClientAssociations">
      <UniqueIdentifier>{7da38c38-be02-483b-8273-7eff9cbc4d1e}</UniqueIdentifier>
    </Filter>
    <Filter Include="소스 파일\Protocol">
      <UniqueIdentifier>{baf36919-5aa9-4d66-8525-c5c59ba09f50}</UniqueIdentifier>
    </Filter>
  </ItemGroup>
  <ItemGroup>
    <Text Include="ReadMe.txt" />
  </ItemGroup>
  <ItemGroup>
    <ClInclude Include="stdafx.h">
      <Filter>헤더 파일</Filter>
    </ClInclude>
    <ClInclude Include="targetver.h">
      <Filter>헤더 파일</Filter>
    </ClInclude>
    <ClInclude Include="LogWriter.h">
      <Filter>헤더 파일\LogWriter</Filter>
    </ClInclude>
    <ClInclude Include="State.h">
      <Filter>헤더 파일\StatePattern</Filter>
    </ClInclude>
    <ClInclude Include="StateMachine.h">
      <Filter>헤더 파일\StatePattern</Filter>
    </ClInclude>
    <ClInclude Include="Act.h">
      <Filter>헤더 파일</Filter>
    </ClInclude>
    <ClInclude Include="LogAct.h">
      <Filter>헤더 파일</Filter>
    </ClInclude>
    <ClInclude Include="SockInfo.h">
      <Filter>헤더 파일</Filter>
    </ClInclude>
    <ClInclude Include="Utilities.h">
      <Filter>헤더 파일</Filter>
    </ClInclude>
    <ClInclude Include="Connector.h">
      <Filter>헤더 파일\ChildrenOfActor</Filter>
    </ClInclude>
    <ClInclude Include="Disconnector.h">
      <Filter>헤더 파일\ChildrenOfActor</Filter>
    </ClInclude>
    <ClInclude Include="Receiver.h">
      <Filter>헤더 파일\ChildrenOfActor</Filter>
    </ClInclude>
    <ClInclude Include="Sender.h">
      <Filter>헤더 파일\ChildrenOfActor</Filter>
    </ClInclude>
    <ClInclude Include="Protocol.h">
      <Filter>헤더 파일\Protocol</Filter>
    </ClInclude>
    <ClInclude Include="Actor.h">
      <Filter>헤더 파일\ProactorPattern</Filter>
    </ClInclude>
    <ClInclude Include="Proactor.h">
      <Filter>헤더 파일\ProactorPattern</Filter>
    </ClInclude>
    <ClInclude Include="Client.h">
      <Filter>헤더 파일\ClientAssociations</Filter>
    </ClInclude>
    <ClInclude Include="ClientStates.h">
      <Filter>헤더 파일\ClientAssociations</Filter>
    </ClInclude>
  </ItemGroup>
  <ItemGroup>
    <ClCompile Include="LogWriter.cpp">
      <Filter>소스 파일\LogWriter</Filter>
    </ClCompile>
    <ClCompile Include="SockInfo.cpp">
      <Filter>소스 파일</Filter>
    </ClCompile>
    <ClCompile Include="Utilities.cpp">
      <Filter>소스 파일</Filter>
    </ClCompile>
    <ClCompile Include="main.cpp">
      <Filter>소스 파일</Filter>
    </ClCompile>
    <ClCompile Include="Sender.cpp">
      <Filter>소스 파일\ChildrenOfActor</Filter>
    </ClCompile>
    <ClCompile Include="Receiver.cpp">
      <Filter>소스 파일\ChildrenOfActor</Filter>
    </ClCompile>
    <ClCompile Include="Connector.cpp">
      <Filter>소스 파일\ChildrenOfActor</Filter>
    </ClCompile>
    <ClCompile Include="Disconnector.cpp">
      <Filter>소스 파일\ChildrenOfActor</Filter>
    </ClCompile>
    <ClCompile Include="Actor.cpp">
      <Filter>소스 파일\ProactorPattern</Filter>
    </ClCompile>
    <ClCompile Include="Proactor.cpp">
      <Filter>소스 파일\ProactorPattern</Filter>
    </ClCompile>
    <ClCompile Include="Client.cpp">
      <Filter>소스 파일\ClientAssociations</Filter>
    </ClCompile>
    <ClCompile Include="ClientStates.cpp">
      <Filter>소스 파일\ClientAssociations</Filter>
    </ClCompile>
    <ClCompile Include="MessageSendFunctions.cpp">
      <Filter>소스 파일\ClientAssociations</Filter>
    </ClCompile>
  </ItemGroup>
</Project>